# This file is generated by running "yarn install" inside your project.
# Manual changes might be lost - proceed with caution!

__metadata:
  version: 8
  cacheKey: 10c0

"@emnapi/runtime@npm:^1.5.0":
  version: 1.5.0
  resolution: "@emnapi/runtime@npm:1.5.0"
  dependencies:
    tslib: "npm:^2.4.0"
  checksum: 10c0/a85c9fc4e3af49cbe41e5437e5be2551392a931910cd0a5b5d3572532786927810c9cc1db11b232ec8f9657b33d4e6f7c4f985f1a052917d7cd703b5b2a20faa
  languageName: node
  linkType: hard

"@img/colour@npm:^1.0.0":
  version: 1.0.0
  resolution: "@img/colour@npm:1.0.0"
  checksum: 10c0/02261719c1e0d7aa5a2d585981954f2ac126f0c432400aa1a01b925aa2c41417b7695da8544ee04fd29eba7ecea8eaf9b8bef06f19dc8faba78f94eeac40667d
  languageName: node
  linkType: hard

"@img/sharp-darwin-arm64@npm:0.34.4":
  version: 0.34.4
  resolution: "@img/sharp-darwin-arm64@npm:0.34.4"
  dependencies:
    "@img/sharp-libvips-darwin-arm64": "npm:1.2.3"
  dependenciesMeta:
    "@img/sharp-libvips-darwin-arm64":
      optional: true
  conditions: os=darwin & cpu=arm64
  languageName: node
  linkType: hard

"@img/sharp-darwin-x64@npm:0.34.4":
  version: 0.34.4
  resolution: "@img/sharp-darwin-x64@npm:0.34.4"
  dependencies:
    "@img/sharp-libvips-darwin-x64": "npm:1.2.3"
  dependenciesMeta:
    "@img/sharp-libvips-darwin-x64":
      optional: true
  conditions: os=darwin & cpu=x64
  languageName: node
  linkType: hard

"@img/sharp-libvips-darwin-arm64@npm:1.2.3":
  version: 1.2.3
  resolution: "@img/sharp-libvips-darwin-arm64@npm:1.2.3"
  conditions: os=darwin & cpu=arm64
  languageName: node
  linkType: hard

"@img/sharp-libvips-darwin-x64@npm:1.2.3":
  version: 1.2.3
  resolution: "@img/sharp-libvips-darwin-x64@npm:1.2.3"
  conditions: os=darwin & cpu=x64
  languageName: node
  linkType: hard

"@img/sharp-libvips-linux-arm64@npm:1.2.3":
  version: 1.2.3
  resolution: "@img/sharp-libvips-linux-arm64@npm:1.2.3"
  conditions: os=linux & cpu=arm64 & libc=glibc
  languageName: node
  linkType: hard

"@img/sharp-libvips-linux-arm@npm:1.2.3":
  version: 1.2.3
  resolution: "@img/sharp-libvips-linux-arm@npm:1.2.3"
  conditions: os=linux & cpu=arm & libc=glibc
  languageName: node
  linkType: hard

"@img/sharp-libvips-linux-ppc64@npm:1.2.3":
  version: 1.2.3
  resolution: "@img/sharp-libvips-linux-ppc64@npm:1.2.3"
  conditions: os=linux & cpu=ppc64 & libc=glibc
  languageName: node
  linkType: hard

"@img/sharp-libvips-linux-s390x@npm:1.2.3":
  version: 1.2.3
  resolution: "@img/sharp-libvips-linux-s390x@npm:1.2.3"
  conditions: os=linux & cpu=s390x & libc=glibc
  languageName: node
  linkType: hard

"@img/sharp-libvips-linux-x64@npm:1.2.3":
  version: 1.2.3
  resolution: "@img/sharp-libvips-linux-x64@npm:1.2.3"
  conditions: os=linux & cpu=x64 & libc=glibc
  languageName: node
  linkType: hard

"@img/sharp-libvips-linuxmusl-arm64@npm:1.2.3":
  version: 1.2.3
  resolution: "@img/sharp-libvips-linuxmusl-arm64@npm:1.2.3"
  conditions: os=linux & cpu=arm64 & libc=musl
  languageName: node
  linkType: hard

"@img/sharp-libvips-linuxmusl-x64@npm:1.2.3":
  version: 1.2.3
  resolution: "@img/sharp-libvips-linuxmusl-x64@npm:1.2.3"
  conditions: os=linux & cpu=x64 & libc=musl
  languageName: node
  linkType: hard

"@img/sharp-linux-arm64@npm:0.34.4":
  version: 0.34.4
  resolution: "@img/sharp-linux-arm64@npm:0.34.4"
  dependencies:
    "@img/sharp-libvips-linux-arm64": "npm:1.2.3"
  dependenciesMeta:
    "@img/sharp-libvips-linux-arm64":
      optional: true
  conditions: os=linux & cpu=arm64 & libc=glibc
  languageName: node
  linkType: hard

"@img/sharp-linux-arm@npm:0.34.4":
  version: 0.34.4
  resolution: "@img/sharp-linux-arm@npm:0.34.4"
  dependencies:
    "@img/sharp-libvips-linux-arm": "npm:1.2.3"
  dependenciesMeta:
    "@img/sharp-libvips-linux-arm":
      optional: true
  conditions: os=linux & cpu=arm & libc=glibc
  languageName: node
  linkType: hard

"@img/sharp-linux-ppc64@npm:0.34.4":
  version: 0.34.4
  resolution: "@img/sharp-linux-ppc64@npm:0.34.4"
  dependencies:
    "@img/sharp-libvips-linux-ppc64": "npm:1.2.3"
  dependenciesMeta:
    "@img/sharp-libvips-linux-ppc64":
      optional: true
  conditions: os=linux & cpu=ppc64 & libc=glibc
  languageName: node
  linkType: hard

"@img/sharp-linux-s390x@npm:0.34.4":
  version: 0.34.4
  resolution: "@img/sharp-linux-s390x@npm:0.34.4"
  dependencies:
    "@img/sharp-libvips-linux-s390x": "npm:1.2.3"
  dependenciesMeta:
    "@img/sharp-libvips-linux-s390x":
      optional: true
  conditions: os=linux & cpu=s390x & libc=glibc
  languageName: node
  linkType: hard

"@img/sharp-linux-x64@npm:0.34.4":
  version: 0.34.4
  resolution: "@img/sharp-linux-x64@npm:0.34.4"
  dependencies:
    "@img/sharp-libvips-linux-x64": "npm:1.2.3"
  dependenciesMeta:
    "@img/sharp-libvips-linux-x64":
      optional: true
  conditions: os=linux & cpu=x64 & libc=glibc
  languageName: node
  linkType: hard

"@img/sharp-linuxmusl-arm64@npm:0.34.4":
  version: 0.34.4
  resolution: "@img/sharp-linuxmusl-arm64@npm:0.34.4"
  dependencies:
    "@img/sharp-libvips-linuxmusl-arm64": "npm:1.2.3"
  dependenciesMeta:
    "@img/sharp-libvips-linuxmusl-arm64":
      optional: true
  conditions: os=linux & cpu=arm64 & libc=musl
  languageName: node
  linkType: hard

"@img/sharp-linuxmusl-x64@npm:0.34.4":
  version: 0.34.4
  resolution: "@img/sharp-linuxmusl-x64@npm:0.34.4"
  dependencies:
    "@img/sharp-libvips-linuxmusl-x64": "npm:1.2.3"
  dependenciesMeta:
    "@img/sharp-libvips-linuxmusl-x64":
      optional: true
  conditions: os=linux & cpu=x64 & libc=musl
  languageName: node
  linkType: hard

"@img/sharp-wasm32@npm:0.34.4":
  version: 0.34.4
  resolution: "@img/sharp-wasm32@npm:0.34.4"
  dependencies:
    "@emnapi/runtime": "npm:^1.5.0"
  conditions: cpu=wasm32
  languageName: node
  linkType: hard

"@img/sharp-win32-arm64@npm:0.34.4":
  version: 0.34.4
  resolution: "@img/sharp-win32-arm64@npm:0.34.4"
  conditions: os=win32 & cpu=arm64
  languageName: node
  linkType: hard

"@img/sharp-win32-ia32@npm:0.34.4":
  version: 0.34.4
  resolution: "@img/sharp-win32-ia32@npm:0.34.4"
  conditions: os=win32 & cpu=ia32
  languageName: node
  linkType: hard

"@img/sharp-win32-x64@npm:0.34.4":
  version: 0.34.4
  resolution: "@img/sharp-win32-x64@npm:0.34.4"
  conditions: os=win32 & cpu=x64
  languageName: node
  linkType: hard

"@next/env@npm:15.5.4":
  version: 15.5.4
  resolution: "@next/env@npm:15.5.4"
  checksum: 10c0/bcf043a353e601321e6d4fb190796d7f098a08007fe2039b6a6b384df641782abfaa8e1d1d9c85ab6987323979f4f75cd4fefd3fd17d2400b881541481bee474
  languageName: node
  linkType: hard

"@next/swc-darwin-arm64@npm:15.5.4":
  version: 15.5.4
  resolution: "@next/swc-darwin-arm64@npm:15.5.4"
  conditions: os=darwin & cpu=arm64
  languageName: node
  linkType: hard

"@next/swc-darwin-x64@npm:15.5.4":
  version: 15.5.4
  resolution: "@next/swc-darwin-x64@npm:15.5.4"
  conditions: os=darwin & cpu=x64
  languageName: node
  linkType: hard

"@next/swc-linux-arm64-gnu@npm:15.5.4":
  version: 15.5.4
  resolution: "@next/swc-linux-arm64-gnu@npm:15.5.4"
  conditions: os=linux & cpu=arm64 & libc=glibc
  languageName: node
  linkType: hard

"@next/swc-linux-arm64-musl@npm:15.5.4":
  version: 15.5.4
  resolution: "@next/swc-linux-arm64-musl@npm:15.5.4"
  conditions: os=linux & cpu=arm64 & libc=musl
  languageName: node
  linkType: hard

"@next/swc-linux-x64-gnu@npm:15.5.4":
  version: 15.5.4
  resolution: "@next/swc-linux-x64-gnu@npm:15.5.4"
  conditions: os=linux & cpu=x64 & libc=glibc
  languageName: node
  linkType: hard

"@next/swc-linux-x64-musl@npm:15.5.4":
  version: 15.5.4
  resolution: "@next/swc-linux-x64-musl@npm:15.5.4"
  conditions: os=linux & cpu=x64 & libc=musl
  languageName: node
  linkType: hard

"@next/swc-win32-arm64-msvc@npm:15.5.4":
  version: 15.5.4
  resolution: "@next/swc-win32-arm64-msvc@npm:15.5.4"
  conditions: os=win32 & cpu=arm64
  languageName: node
  linkType: hard

"@next/swc-win32-x64-msvc@npm:15.5.4":
  version: 15.5.4
  resolution: "@next/swc-win32-x64-msvc@npm:15.5.4"
  conditions: os=win32 & cpu=x64
  languageName: node
  linkType: hard

"@swc/helpers@npm:0.5.15":
  version: 0.5.15
  resolution: "@swc/helpers@npm:0.5.15"
  dependencies:
    tslib: "npm:^2.8.0"
  checksum: 10c0/33002f74f6f885f04c132960835fdfc474186983ea567606db62e86acd0680ca82f34647e8e610f4e1e422d1c16fce729dde22cd3b797ab1fd9061a825dabca4
  languageName: node
  linkType: hard

"@types/node@npm:24.5.2":
  version: 24.5.2
  resolution: "@types/node@npm:24.5.2"
  dependencies:
    undici-types: "npm:~7.12.0"
  checksum: 10c0/96baaca6564d39c6f7f6eddd73ce41e2a7594ef37225cd52df3be36fad31712af8ae178387a72d0b80f2e2799e7fd30c014bc0ae9eb9f962d9079b691be00c48
  languageName: node
  linkType: hard

"@types/react-dom@npm:^19":
  version: 19.1.9
  resolution: "@types/react-dom@npm:19.1.9"
  peerDependencies:
    "@types/react": ^19.0.0
  checksum: 10c0/34c8dda86c1590b3ef0e7ecd38f9663a66ba2dd69113ba74fb0adc36b83bbfb8c94c1487a2505282a5f7e5e000d2ebf36f4c0fd41b3b672f5178fd1d4f1f8f58
  languageName: node
  linkType: hard

"@types/react@npm:19.1.13":
  version: 19.1.13
  resolution: "@types/react@npm:19.1.13"
  dependencies:
    csstype: "npm:^3.0.2"
  checksum: 10c0/75e35b54883f5ed07d3b5cb16a4711b6dbb7ec6b74301bcb9bfa697c9d9fff022ec508e1719e7b2c69e2e8b042faac1125be7717b5e5e084f816a2c88e136920
  languageName: node
  linkType: hard

"caniuse-lite@npm:^1.0.30001579":
  version: 1.0.30001745
  resolution: "caniuse-lite@npm:1.0.30001745"
  checksum: 10c0/646ca4b57baaa7a835cf7204c8a257490ee8e36364c04638212e3750c5e8ef45c39f352307e6205114487bcc179d42f5216f6dac146641b16a60b20b29d6f2a6
  languageName: node
  linkType: hard

"client-only@npm:0.0.1":
  version: 0.0.1
  resolution: "client-only@npm:0.0.1"
  checksum: 10c0/9d6cfd0c19e1c96a434605added99dff48482152af791ec4172fb912a71cff9027ff174efd8cdb2160cc7f377543e0537ffc462d4f279bc4701de3f2a3c4b358
  languageName: node
  linkType: hard

"communicate@workspace:.":
  version: 0.0.0-use.local
  resolution: "communicate@workspace:."
  dependencies:
    "@types/node": "npm:24.5.2"
    "@types/react": "npm:19.1.13"
    "@types/react-dom": "npm:^19"
    next: "npm:^15.5.4"
    react: "npm:^19.1.1"
    react-dom: "npm:^19.1.1"
    typescript: "npm:5.9.2"
  languageName: unknown
  linkType: soft

"csstype@npm:^3.0.2":
  version: 3.1.3
  resolution: "csstype@npm:3.1.3"
  checksum: 10c0/80c089d6f7e0c5b2bd83cf0539ab41474198579584fa10d86d0cafe0642202343cbc119e076a0b1aece191989477081415d66c9fefbf3c957fc2fc4b7009f248
  languageName: node
  linkType: hard

"detect-libc@npm:^2.1.0":
  version: 2.1.1
  resolution: "detect-libc@npm:2.1.1"
  checksum: 10c0/97053299c1f68c7c4adf7b78c8d506e1d5f3a3fbc775920aaa0ecf7f8fcc6dfa46338a6ca82fe4500b4a51937def314584265a4ec9d565577485c4496aa7d64e
  languageName: node
  linkType: hard

"nanoid@npm:^3.3.6":
  version: 3.3.11
  resolution: "nanoid@npm:3.3.11"
  bin:
    nanoid: bin/nanoid.cjs
  checksum: 10c0/40e7f70b3d15f725ca072dfc4f74e81fcf1fbb02e491cf58ac0c79093adc9b0a73b152bcde57df4b79cd097e13023d7504acb38404a4da7bc1cd8e887b82fe0b
  languageName: node
  linkType: hard

"next@npm:^15.5.4":
  version: 15.5.4
  resolution: "next@npm:15.5.4"
  dependencies:
    "@next/env": "npm:15.5.4"
    "@next/swc-darwin-arm64": "npm:15.5.4"
    "@next/swc-darwin-x64": "npm:15.5.4"
    "@next/swc-linux-arm64-gnu": "npm:15.5.4"
    "@next/swc-linux-arm64-musl": "npm:15.5.4"
    "@next/swc-linux-x64-gnu": "npm:15.5.4"
    "@next/swc-linux-x64-musl": "npm:15.5.4"
    "@next/swc-win32-arm64-msvc": "npm:15.5.4"
    "@next/swc-win32-x64-msvc": "npm:15.5.4"
    "@swc/helpers": "npm:0.5.15"
    caniuse-lite: "npm:^1.0.30001579"
    postcss: "npm:8.4.31"
    sharp: "npm:^0.34.3"
    styled-jsx: "npm:5.1.6"
  peerDependencies:
    "@opentelemetry/api": ^1.1.0
    "@playwright/test": ^1.51.1
    babel-plugin-react-compiler: "*"
    react: ^18.2.0 || 19.0.0-rc-de68d2f4-20241204 || ^19.0.0
    react-dom: ^18.2.0 || 19.0.0-rc-de68d2f4-20241204 || ^19.0.0
    sass: ^1.3.0
  dependenciesMeta:
    "@next/swc-darwin-arm64":
      optional: true
    "@next/swc-darwin-x64":
      optional: true
    "@next/swc-linux-arm64-gnu":
      optional: true
    "@next/swc-linux-arm64-musl":
      optional: true
    "@next/swc-linux-x64-gnu":
      optional: true
    "@next/swc-linux-x64-musl":
      optional: true
    "@next/swc-win32-arm64-msvc":
      optional: true
    "@next/swc-win32-x64-msvc":
      optional: true
    sharp:
      optional: true
  peerDependenciesMeta:
    "@opentelemetry/api":
      optional: true
    "@playwright/test":
      optional: true
    babel-plugin-react-compiler:
      optional: true
    sass:
      optional: true
  bin:
    next: dist/bin/next
  checksum: 10c0/3b5f04ed86d863bd5942b8ffb1ba8343da707579e720225c262d833d1b36c0daa0dbc3e6b24192280d0e02b066ac006a2b78673bbced19ca829de09bb4a2d73c
  languageName: node
  linkType: hard

"picocolors@npm:^1.0.0":
  version: 1.1.1
  resolution: "picocolors@npm:1.1.1"
  checksum: 10c0/e2e3e8170ab9d7c7421969adaa7e1b31434f789afb9b3f115f6b96d91945041ac3ceb02e9ec6fe6510ff036bcc0bf91e69a1772edc0b707e12b19c0f2d6bcf58
  languageName: node
  linkType: hard

"postcss@npm:8.4.31":
  version: 8.4.31
  resolution: "postcss@npm:8.4.31"
  dependencies:
    nanoid: "npm:^3.3.6"
    picocolors: "npm:^1.0.0"
    source-map-js: "npm:^1.0.2"
  checksum: 10c0/748b82e6e5fc34034dcf2ae88ea3d11fd09f69b6c50ecdd3b4a875cfc7cdca435c958b211e2cb52355422ab6fccb7d8f2f2923161d7a1b281029e4a913d59acf
  languageName: node
  linkType: hard

"react-dom@npm:^19.1.1":
  version: 19.1.1
  resolution: "react-dom@npm:19.1.1"
  dependencies:
    scheduler: "npm:^0.26.0"
  peerDependencies:
    react: ^19.1.1
  checksum: 10c0/8c91198510521299c56e4e8d5e3a4508b2734fb5e52f29eeac33811de64e76fe586ad32c32182e2e84e070d98df67125da346c3360013357228172dbcd20bcdd
  languageName: node
  linkType: hard

"react@npm:^19.1.1":
  version: 19.1.1
  resolution: "react@npm:19.1.1"
  checksum: 10c0/8c9769a2dfd02e603af6445058325e6c8a24b47b185d0e461f66a6454765ddcaecb3f0a90184836c68bb509f3c38248359edbc42f0d07c23eb500a5c30c87b4e
  languageName: node
  linkType: hard

"scheduler@npm:^0.26.0":
  version: 0.26.0
  resolution: "scheduler@npm:0.26.0"
  checksum: 10c0/5b8d5bfddaae3513410eda54f2268e98a376a429931921a81b5c3a2873aab7ca4d775a8caac5498f8cbc7d0daeab947cf923dbd8e215d61671f9f4e392d34356
  languageName: node
  linkType: hard

"semver@npm:^7.7.2":
  version: 7.7.2
  resolution: "semver@npm:7.7.2"
  bin:
    semver: bin/semver.js
  checksum: 10c0/aca305edfbf2383c22571cb7714f48cadc7ac95371b4b52362fb8eeffdfbc0de0669368b82b2b15978f8848f01d7114da65697e56cd8c37b0dab8c58e543f9ea
  languageName: node
  linkType: hard

"sharp@npm:^0.34.3":
  version: 0.34.4
  resolution: "sharp@npm:0.34.4"
  dependencies:
    "@img/colour": "npm:^1.0.0"
    "@img/sharp-darwin-arm64": "npm:0.34.4"
    "@img/sharp-darwin-x64": "npm:0.34.4"
    "@img/sharp-libvips-darwin-arm64": "npm:1.2.3"
    "@img/sharp-libvips-darwin-x64": "npm:1.2.3"
    "@img/sharp-libvips-linux-arm": "npm:1.2.3"
    "@img/sharp-libvips-linux-arm64": "npm:1.2.3"
    "@img/sharp-libvips-linux-ppc64": "npm:1.2.3"
    "@img/sharp-libvips-linux-s390x": "npm:1.2.3"
    "@img/sharp-libvips-linux-x64": "npm:1.2.3"
    "@img/sharp-libvips-linuxmusl-arm64": "npm:1.2.3"
    "@img/sharp-libvips-linuxmusl-x64": "npm:1.2.3"
    "@img/sharp-linux-arm": "npm:0.34.4"
    "@img/sharp-linux-arm64": "npm:0.34.4"
    "@img/sharp-linux-ppc64": "npm:0.34.4"
    "@img/sharp-linux-s390x": "npm:0.34.4"
    "@img/sharp-linux-x64": "npm:0.34.4"
    "@img/sharp-linuxmusl-arm64": "npm:0.34.4"
    "@img/sharp-linuxmusl-x64": "npm:0.34.4"
    "@img/sharp-wasm32": "npm:0.34.4"
    "@img/sharp-win32-arm64": "npm:0.34.4"
    "@img/sharp-win32-ia32": "npm:0.34.4"
    "@img/sharp-win32-x64": "npm:0.34.4"
    detect-libc: "npm:^2.1.0"
    semver: "npm:^7.7.2"
  dependenciesMeta:
    "@img/sharp-darwin-arm64":
      optional: true
    "@img/sharp-darwin-x64":
      optional: true
    "@img/sharp-libvips-darwin-arm64":
      optional: true
    "@img/sharp-libvips-darwin-x64":
      optional: true
    "@img/sharp-libvips-linux-arm":
      optional: true
    "@img/sharp-libvips-linux-arm64":
      optional: true
    "@img/sharp-libvips-linux-ppc64":
      optional: true
    "@img/sharp-libvips-linux-s390x":
      optional: true
    "@img/sharp-libvips-linux-x64":
      optional: true
    "@img/sharp-libvips-linuxmusl-arm64":
      optional: true
    "@img/sharp-libvips-linuxmusl-x64":
      optional: true
    "@img/sharp-linux-arm":
      optional: true
    "@img/sharp-linux-arm64":
      optional: true
    "@img/sharp-linux-ppc64":
      optional: true
    "@img/sharp-linux-s390x":
      optional: true
    "@img/sharp-linux-x64":
      optional: true
    "@img/sharp-linuxmusl-arm64":
      optional: true
    "@img/sharp-linuxmusl-x64":
      optional: true
    "@img/sharp-wasm32":
      optional: true
    "@img/sharp-win32-arm64":
      optional: true
    "@img/sharp-win32-ia32":
      optional: true
    "@img/sharp-win32-x64":
      optional: true
  checksum: 10c0/c2d8afab823a53bb720c42aaddde2031d7a1e25b7f1bd123e342b6b77ffce5e2730017fd52282cadf6109b325bc16f35be4771caa040cf2855978b709be35f05
  languageName: node
  linkType: hard

"source-map-js@npm:^1.0.2":
  version: 1.2.1
  resolution: "source-map-js@npm:1.2.1"
  checksum: 10c0/7bda1fc4c197e3c6ff17de1b8b2c20e60af81b63a52cb32ec5a5d67a20a7d42651e2cb34ebe93833c5a2a084377e17455854fee3e21e7925c64a51b6a52b0faf
  languageName: node
  linkType: hard

"styled-jsx@npm:5.1.6":
  version: 5.1.6
  resolution: "styled-jsx@npm:5.1.6"
  dependencies:
    client-only: "npm:0.0.1"
  peerDependencies:
    react: ">= 16.8.0 || 17.x.x || ^18.0.0-0 || ^19.0.0-0"
  peerDependenciesMeta:
    "@babel/core":
      optional: true
    babel-plugin-macros:
      optional: true
  checksum: 10c0/ace50e7ea5ae5ae6a3b65a50994c51fca6ae7df9c7ecfd0104c36be0b4b3a9c5c1a2374d16e2a11e256d0b20be6d47256d768ecb4f91ab390f60752a075780f5
  languageName: node
  linkType: hard

"tslib@npm:^2.4.0, tslib@npm:^2.8.0":
  version: 2.8.1
  resolution: "tslib@npm:2.8.1"
  checksum: 10c0/9c4759110a19c53f992d9aae23aac5ced636e99887b51b9e61def52611732872ff7668757d4e4c61f19691e36f4da981cd9485e869b4a7408d689f6bf1f14e62
  languageName: node
  linkType: hard

"typescript@npm:5.9.2":
  version: 5.9.2
  resolution: "typescript@npm:5.9.2"
  bin:
    tsc: bin/tsc
    tsserver: bin/tsserver
  checksum: 10c0/cd635d50f02d6cf98ed42de2f76289701c1ec587a363369255f01ed15aaf22be0813226bff3c53e99d971f9b540e0b3cc7583dbe05faded49b1b0bed2f638a18
  languageName: node
  linkType: hard

"typescript@patch:typescript@npm%3A5.9.2#optional!builtin<compat/typescript>":
  version: 5.9.2
  resolution: "typescript@patch:typescript@npm%3A5.9.2#optional!builtin<compat/typescript>::version=5.9.2&hash=5786d5"
  bin:
    tsc: bin/tsc
    tsserver: bin/tsserver
  checksum: 10c0/34d2a8e23eb8e0d1875072064d5e1d9c102e0bdce56a10a25c0b917b8aa9001a9cf5c225df12497e99da107dc379360bc138163c66b55b95f5b105b50578067e
  languageName: node
  linkType: hard

"undici-types@npm:~7.12.0":
  version: 7.12.0
  resolution: "undici-types@npm:7.12.0"
  checksum: 10c0/326e455bbc0026db1d6b81c76a1cf10c63f7e2f9821db2e24fdc258f482814e5bfa8481f8910d07c68e305937c5c049610fdc441c5e8b7bb0daca7154fb8a306
  languageName: node
  linkType: hard
